
Microsoft Visual Studio Solution File, Format Version 12.00
# Visual Studio Version 16
VisualStudioVersion = 16.0.30406.217
MinimumVisualStudioVersion = 10.0.40219.1
Project("{9A19103F-16F7-4668-BE54-9A1E7A4F7556}") = "IdentityServer", "IdentityServer\IdentityServer.csproj", "{40296D73-154F-4742-887F-EE700EB4AF95}"
EndProject
Project("{9092AA53-FB77-4645-B42D-1CCCA6BD08BD}") = "React", "React\React.njsproj", "{64919092-B341-4F4D-A1B1-BE804D307678}"
EndProject
Project("{2150E333-8FDC-42A3-9474-1A3956D46DE8}") = "Solution Items", "Solution Items", "{FEED38C9-AE90-49F0-AD72-B613C00B4E37}"
	ProjectSection(SolutionItems) = preProject
		.dockerignore = .dockerignore
		.gitignore = .gitignore
		docker-compose.yml = docker-compose.yml
		README.md = README.md
	EndProjectSection
EndProject
Global
	GlobalSection(SolutionConfigurationPlatforms) = preSolution
		Debug|Any CPU = Debug|Any CPU
		Release|Any CPU = Release|Any CPU
	EndGlobalSection
	GlobalSection(ProjectConfigurationPlatforms) = postSolution
		{40296D73-154F-4742-887F-EE700EB4AF95}.Debug|Any CPU.ActiveCfg = Debug|Any CPU
		{40296D73-154F-4742-887F-EE700EB4AF95}.Debug|Any CPU.Build.0 = Debug|Any CPU
		{40296D73-154F-4742-887F-EE700EB4AF95}.Release|Any CPU.ActiveCfg = Release|Any CPU
		{40296D73-154F-4742-887F-EE700EB4AF95}.Release|Any CPU.Build.0 = Release|Any CPU
		{64919092-B341-4F4D-A1B1-BE804D307678}.Debug|Any CPU.ActiveCfg = Debug|Any CPU
		{64919092-B341-4F4D-A1B1-BE804D307678}.Debug|Any CPU.Build.0 = Debug|Any CPU
		{64919092-B341-4F4D-A1B1-BE804D307678}.Release|Any CPU.ActiveCfg = Release|Any CPU
		{64919092-B341-4F4D-A1B1-BE804D307678}.Release|Any CPU.Build.0 = Release|Any CPU
	EndGlobalSection
	GlobalSection(SolutionProperties) = preSolution
		HideSolutionNode = FALSE
	EndGlobalSection
	GlobalSection(ExtensibilityGlobals) = postSolution
		SolutionGuid = {4954565B-CC09-4D18-A6A1-D9EC5C451E6B}
	EndGlobalSection
EndGlobal
